
Microsoft Visual Studio Solution File, Format Version 12.00
# Visual Studio 2012
Project("{FAE04EC0-301F-11D3-BF4B-00C04F79EFBC}") = "FormsExample", "FormsExample\FormsExample.csproj", "{ABD8FAEF-4777-43E4-9F4B-E3E984FDA3B1}"
EndProject
Project("{FAE04EC0-301F-11D3-BF4B-00C04F79EFBC}") = "FormsExample.iOS", "iOS\FormsExample.iOS.csproj", "{C4D36208-8EB4-4C66-82B7-C3B7A60DCA6E}"
EndProject
Project("{FAE04EC0-301F-11D3-BF4B-00C04F79EFBC}") = "FormsExample.Droid", "Droid\FormsExample.Droid.csproj", "{57BD1882-72C2-4126-BF71-3BD2FA71BBD3}"
EndProject
Global
	GlobalSection(SolutionConfigurationPlatforms) = preSolution
		Debug|Any CPU = Debug|Any CPU
		Release|Any CPU = Release|Any CPU
		Debug|iPhoneSimulator = Debug|iPhoneSimulator
		Release|iPhone = Release|iPhone
		Release|iPhoneSimulator = Release|iPhoneSimulator
		Debug|iPhone = Debug|iPhone
	EndGlobalSection
	GlobalSection(ProjectConfigurationPlatforms) = postSolution
		{ABD8FAEF-4777-43E4-9F4B-E3E984FDA3B1}.Debug|Any CPU.ActiveCfg = Debug|Any CPU
		{ABD8FAEF-4777-43E4-9F4B-E3E984FDA3B1}.Debug|Any CPU.Build.0 = Debug|Any CPU
		{ABD8FAEF-4777-43E4-9F4B-E3E984FDA3B1}.Release|Any CPU.ActiveCfg = Release|Any CPU
		{ABD8FAEF-4777-43E4-9F4B-E3E984FDA3B1}.Release|Any CPU.Build.0 = Release|Any CPU
		{ABD8FAEF-4777-43E4-9F4B-E3E984FDA3B1}.Debug|iPhoneSimulator.ActiveCfg = Debug|Any CPU
		{ABD8FAEF-4777-43E4-9F4B-E3E984FDA3B1}.Debug|iPhoneSimulator.Build.0 = Debug|Any CPU
		{ABD8FAEF-4777-43E4-9F4B-E3E984FDA3B1}.Release|iPhone.ActiveCfg = Release|Any CPU
		{ABD8FAEF-4777-43E4-9F4B-E3E984FDA3B1}.Release|iPhone.Build.0 = Release|Any CPU
		{ABD8FAEF-4777-43E4-9F4B-E3E984FDA3B1}.Release|iPhoneSimulator.ActiveCfg = Release|Any CPU
		{ABD8FAEF-4777-43E4-9F4B-E3E984FDA3B1}.Release|iPhoneSimulator.Build.0 = Release|Any CPU
		{ABD8FAEF-4777-43E4-9F4B-E3E984FDA3B1}.Debug|iPhone.ActiveCfg = Debug|Any CPU
		{ABD8FAEF-4777-43E4-9F4B-E3E984FDA3B1}.Debug|iPhone.Build.0 = Debug|Any CPU
		{C4D36208-8EB4-4C66-82B7-C3B7A60DCA6E}.Debug|Any CPU.ActiveCfg = Debug|iPhoneSimulator
		{C4D36208-8EB4-4C66-82B7-C3B7A60DCA6E}.Debug|Any CPU.Build.0 = Debug|iPhoneSimulator
		{C4D36208-8EB4-4C66-82B7-C3B7A60DCA6E}.Release|Any CPU.ActiveCfg = Release|iPhone
		{C4D36208-8EB4-4C66-82B7-C3B7A60DCA6E}.Release|Any CPU.Build.0 = Release|iPhone
		{C4D36208-8EB4-4C66-82B7-C3B7A60DCA6E}.Debug|iPhoneSimulator.ActiveCfg = Debug|iPhoneSimulator
		{C4D36208-8EB4-4C66-82B7-C3B7A60DCA6E}.Debug|iPhoneSimulator.Build.0 = Debug|iPhoneSimulator
		{C4D36208-8EB4-4C66-82B7-C3B7A60DCA6E}.Release|iPhone.ActiveCfg = Release|iPhone
		{C4D36208-8EB4-4C66-82B7-C3B7A60DCA6E}.Release|iPhone.Build.0 = Release|iPhone
		{C4D36208-8EB4-4C66-82B7-C3B7A60DCA6E}.Release|iPhoneSimulator.ActiveCfg = Release|iPhoneSimulator
		{C4D36208-8EB4-4C66-82B7-C3B7A60DCA6E}.Release|iPhoneSimulator.Build.0 = Release|iPhoneSimulator
		{C4D36208-8EB4-4C66-82B7-C3B7A60DCA6E}.Debug|iPhone.ActiveCfg = Debug|iPhone
		{C4D36208-8EB4-4C66-82B7-C3B7A60DCA6E}.Debug|iPhone.Build.0 = Debug|iPhone
		{57BD1882-72C2-4126-BF71-3BD2FA71BBD3}.Debug|Any CPU.ActiveCfg = Debug|Any CPU
		{57BD1882-72C2-4126-BF71-3BD2FA71BBD3}.Debug|Any CPU.Build.0 = Debug|Any CPU
		{57BD1882-72C2-4126-BF71-3BD2FA71BBD3}.Release|Any CPU.ActiveCfg = Release|Any CPU
		{57BD1882-72C2-4126-BF71-3BD2FA71BBD3}.Release|Any CPU.Build.0 = Release|Any CPU
		{57BD1882-72C2-4126-BF71-3BD2FA71BBD3}.Debug|iPhoneSimulator.ActiveCfg = Debug|Any CPU
		{57BD1882-72C2-4126-BF71-3BD2FA71BBD3}.Debug|iPhoneSimulator.Build.0 = Debug|Any CPU
		{57BD1882-72C2-4126-BF71-3BD2FA71BBD3}.Release|iPhone.ActiveCfg = Release|Any CPU
		{57BD1882-72C2-4126-BF71-3BD2FA71BBD3}.Release|iPhone.Build.0 = Release|Any CPU
		{57BD1882-72C2-4126-BF71-3BD2FA71BBD3}.Release|iPhoneSimulator.ActiveCfg = Release|Any CPU
		{57BD1882-72C2-4126-BF71-3BD2FA71BBD3}.Release|iPhoneSimulator.Build.0 = Release|Any CPU
		{57BD1882-72C2-4126-BF71-3BD2FA71BBD3}.Debug|iPhone.ActiveCfg = Debug|Any CPU
		{57BD1882-72C2-4126-BF71-3BD2FA71BBD3}.Debug|iPhone.Build.0 = Debug|Any CPU
	EndGlobalSection
EndGlobal
